<?xml version="1.0" encoding="utf-8"?>
<Project ToolsVersion="4.0" xmlns="http://schemas.microsoft.com/developer/msbuild/2003">
  <ItemGroup>
    <Filter Include="Source Files">
      <UniqueIdentifier>{4FC737F1-C7A5-4376-A066-2A32D752A2FF}</UniqueIdentifier>
      <Extensions>cpp;c;cc;cxx;c++;cppm;ixx;def;odl;idl;hpj;bat;asm;asmx</Extensions>
    </Filter>
    <Filter Include="Header Files">
      <UniqueIdentifier>{93995380-89BD-4b04-88EB-625FBE52EBFB}</UniqueIdentifier>
      <Extensions>h;hh;hpp;hxx;h++;hm;inl;inc;ipp;xsd</Extensions>
    </Filter>
    <Filter Include="out">
      <UniqueIdentifier>{bd4e33d0-c492-4d56-a5b4-43004e232df7}</UniqueIdentifier>
    </Filter>
    <Filter Include="Interface Files">
      <UniqueIdentifier>{849a72e6-4627-48ab-92c3-198ffa72d357}</UniqueIdentifier>
    </Filter>
    <Filter Include="Resource Files">
      <UniqueIdentifier>{67DA6AB6-F800-4c08-8B7A-83BB121AAD01}</UniqueIdentifier>
      <Extensions>rc;ico;cur;bmp;dlg;rc2;rct;bin;rgs;gif;jpg;jpeg;jpe;resx;tiff;tif;png;wav;mfcribbon-ms</Extensions>
    </Filter>
  </ItemGroup>
  <ItemGroup>
    <ClCompile Include="Main.cpp">
      <Filter>Source Files</Filter>
    </ClCompile>
    <ClCompile Include="source\ReminderEntry.cpp">
      <Filter>Source Files</Filter>
    </ClCompile>
    <ClCompile Include="source\ReminderSet.cpp">
      <Filter>Source Files</Filter>
    </ClCompile>
    <ClCompile Include="source\DateTime.cpp">
      <Filter>Source Files</Filter>
    </ClCompile>
    <ClCompile Include="source\FileWorker.cpp">
      <Filter>Source Files</Filter>
    </ClCompile>
    <ClCompile Include="source\DateTimeWorker.cpp">
      <Filter>Source Files</Filter>
    </ClCompile>
    <ClCompile Include="source\MainApp.cpp">
      <Filter>Source Files</Filter>
    </ClCompile>
  </ItemGroup>
  <ItemGroup>
    <ClInclude Include="include\ReminderEntry.h">
      <Filter>Header Files</Filter>
    </ClInclude>
    <ClInclude Include="include\ReminderSet.h">
      <Filter>Header Files</Filter>
    </ClInclude>
    <ClInclude Include="include\DateTime.h">
      <Filter>Header Files</Filter>
    </ClInclude>
    <ClInclude Include="interface\FileWorkerInterface.h">
      <Filter>Interface Files</Filter>
    </ClInclude>
    <ClInclude Include="include\FileWorker.h">
      <Filter>Header Files</Filter>
    </ClInclude>
    <ClInclude Include="interface\DateTimeWorkerInterface.h">
      <Filter>Interface Files</Filter>
    </ClInclude>
    <ClInclude Include="include\DateTimeWorker.h">
      <Filter>Header Files</Filter>
    </ClInclude>
    <ClInclude Include="include\MainApp.h">
      <Filter>Header Files</Filter>
    </ClInclude>
  </ItemGroup>
</Project>