<?xml version="1.0" encoding="utf-8"?>
<Project ToolsVersion="4.0" xmlns="http://schemas.microsoft.com/developer/msbuild/2003">
  <ItemGroup>
    <ClCompile Include="test.cpp" />
    <ClCompile Include="pch.cpp" />
    <ClCompile Include="..\packages\gmock.1.11.0\lib\native\src\gtest\src\gtest_main.cc" />
    <ClCompile Include="$(MSBuildThisFileDirectory)..\..\lib\native\src\gtest\gtest-all.cc" />
    <ClCompile Include="$(MSBuildThisFileDirectory)..\..\lib\native\src\gmock\gmock-all.cc" />
    <ClCompile Include="..\TODO_App\source\ReminderEntry.cpp">
      <Filter>Import Classes\Source Files</Filter>
    </ClCompile>
    <ClCompile Include="tests\DateTime_Tests.cpp">
      <Filter>Test Files</Filter>
    </ClCompile>
    <ClCompile Include="..\TODO_App\source\DateTime.cpp">
      <Filter>Import Classes\Source Files</Filter>
    </ClCompile>
    <ClCompile Include="tests\ReminderEntry_Tests.cpp">
      <Filter>Test Files</Filter>
    </ClCompile>
    <ClCompile Include="..\TODO_App\source\FileWorker.cpp">
      <Filter>Import Classes\Source Files</Filter>
    </ClCompile>
    <ClCompile Include="tests\FileWorker_MockTests.cpp">
      <Filter>Test Files</Filter>
    </ClCompile>
    <ClCompile Include="..\TODO_App\source\ReminderSet.cpp">
      <Filter>Import Classes\Source Files</Filter>
    </ClCompile>
    <ClCompile Include="tests\ReminderSet_Tests.cpp">
      <Filter>Test Files</Filter>
    </ClCompile>
    <ClCompile Include="..\TODO_App\source\DateTimeWorker.cpp">
      <Filter>Import Classes\Source Files</Filter>
    </ClCompile>
  </ItemGroup>
  <ItemGroup>
    <ClInclude Include="pch.h" />
    <ClInclude Include="..\TODO_App\include\ReminderEntry.h">
      <Filter>Import Classes\Header Files</Filter>
    </ClInclude>
    <ClInclude Include="..\TODO_App\include\DateTime.h">
      <Filter>Import Classes\Header Files</Filter>
    </ClInclude>
    <ClInclude Include="..\TODO_App\interface\FileWorkerInterface.h">
      <Filter>Import Classes\Header Files</Filter>
    </ClInclude>
    <ClInclude Include="mock\FileWorkerMock.h">
      <Filter>Mock Files</Filter>
    </ClInclude>
    <ClInclude Include="..\TODO_App\include\FileWorker.h">
      <Filter>Import Classes\Header Files</Filter>
    </ClInclude>
    <ClInclude Include="..\TODO_App\include\ReminderSet.h">
      <Filter>Import Classes\Header Files</Filter>
    </ClInclude>
    <ClInclude Include="src\HelperClass.h">
      <Filter>Import Classes\Header Files</Filter>
    </ClInclude>
    <ClInclude Include="mock\DateTimeWorkerMock.h">
      <Filter>Mock Files</Filter>
    </ClInclude>
    <ClInclude Include="..\TODO_App\interface\DateTimeWorkerInterface.h">
      <Filter>Import Classes\Header Files</Filter>
    </ClInclude>
  </ItemGroup>
  <ItemGroup>
    <Filter Include="Test Files">
      <UniqueIdentifier>{14235bc8-f327-4e75-b3dc-2ee2594a9cd3}</UniqueIdentifier>
    </Filter>
    <Filter Include="Mock Files">
      <UniqueIdentifier>{f126d083-b210-4af1-ac56-50231989d922}</UniqueIdentifier>
    </Filter>
    <Filter Include="adapter">
      <UniqueIdentifier>{839c0e95-e2a8-4a17-bbee-590488ad4e86}</UniqueIdentifier>
    </Filter>
    <Filter Include="adapter\header">
      <UniqueIdentifier>{27d5f9a8-64ac-4308-a528-2c04a0020bc5}</UniqueIdentifier>
    </Filter>
    <Filter Include="adapter\source">
      <UniqueIdentifier>{f85a6e84-1cfb-4a5b-929a-c3c4f5a711dc}</UniqueIdentifier>
    </Filter>
    <Filter Include="Import Classes">
      <UniqueIdentifier>{df3b5237-60d1-4cee-9bb3-17426682478a}</UniqueIdentifier>
    </Filter>
    <Filter Include="Import Classes\Source Files">
      <UniqueIdentifier>{66f5d9f9-3ed6-4191-b775-e817782fd8eb}</UniqueIdentifier>
    </Filter>
    <Filter Include="Import Classes\Header Files">
      <UniqueIdentifier>{982afb9a-511a-4590-adf7-bfb6fcb4179c}</UniqueIdentifier>
    </Filter>
  </ItemGroup>
  <ItemGroup>
    <None Include="packages.config" />
  </ItemGroup>
</Project>